
Microsoft Visual Studio Solution File, Format Version 12.00
# Visual Studio 15
VisualStudioVersion = 15.0.28307.489
MinimumVisualStudioVersion = 10.0.40219.1
Project("{F184B08F-C81C-45F6-A57F-5ABD9991F28F}") = "Game", "Game\Game.vbproj", "{32765EFF-3FCD-43DB-AD1F-8A4BB6BF8186}"
EndProject
Global
	GlobalSection(SolutionConfigurationPlatforms) = preSolution
		Debug|Any CPU = Debug|Any CPU
		Release|Any CPU = Release|Any CPU
	EndGlobalSection
	GlobalSection(ProjectConfigurationPlatforms) = postSolution
		{32765EFF-3FCD-43DB-AD1F-8A4BB6BF8186}.Debug|Any CPU.ActiveCfg = Debug|Any CPU
		{32765EFF-3FCD-43DB-AD1F-8A4BB6BF8186}.Debug|Any CPU.Build.0 = Debug|Any CPU
		{32765EFF-3FCD-43DB-AD1F-8A4BB6BF8186}.Release|Any CPU.ActiveCfg = Release|Any CPU
		{32765EFF-3FCD-43DB-AD1F-8A4BB6BF8186}.Release|Any CPU.Build.0 = Release|Any CPU
	EndGlobalSection
	GlobalSection(SolutionProperties) = preSolution
		HideSolutionNode = FALSE
	EndGlobalSection
	GlobalSection(ExtensibilityGlobals) = postSolution
		SolutionGuid = {D3456F0F-2099-4011-8D61-E281CC832852}
	EndGlobalSection
EndGlobal
